
Microsoft Visual Studio Solution File, Format Version 12.00
# Visual Studio 2012
Project("{262852C6-CD72-467D-83FE-5EEB1973A190}") = "SimplePomodoro", "SimplePomodoro\SimplePomodoro.jsproj", "{5B8CE543-5EA2-45D3-ABA1-969593F8DCFB}"
EndProject
Global
	GlobalSection(SolutionConfigurationPlatforms) = preSolution
		Debug|Any CPU = Debug|Any CPU
		Debug|ARM = Debug|ARM
		Debug|x64 = Debug|x64
		Debug|x86 = Debug|x86
		Release|Any CPU = Release|Any CPU
		Release|ARM = Release|ARM
		Release|x64 = Release|x64
		Release|x86 = Release|x86
	EndGlobalSection
	GlobalSection(ProjectConfigurationPlatforms) = postSolution
		{5B8CE543-5EA2-45D3-ABA1-969593F8DCFB}.Debug|Any CPU.ActiveCfg = Debug|Any CPU
		{5B8CE543-5EA2-45D3-ABA1-969593F8DCFB}.Debug|Any CPU.Build.0 = Debug|Any CPU
		{5B8CE543-5EA2-45D3-ABA1-969593F8DCFB}.Debug|Any CPU.Deploy.0 = Debug|Any CPU
		{5B8CE543-5EA2-45D3-ABA1-969593F8DCFB}.Debug|ARM.ActiveCfg = Debug|ARM
		{5B8CE543-5EA2-45D3-ABA1-969593F8DCFB}.Debug|ARM.Build.0 = Debug|ARM
		{5B8CE543-5EA2-45D3-ABA1-969593F8DCFB}.Debug|ARM.Deploy.0 = Debug|ARM
		{5B8CE543-5EA2-45D3-ABA1-969593F8DCFB}.Debug|x64.ActiveCfg = Debug|x64
		{5B8CE543-5EA2-45D3-ABA1-969593F8DCFB}.Debug|x64.Build.0 = Debug|x64
		{5B8CE543-5EA2-45D3-ABA1-969593F8DCFB}.Debug|x64.Deploy.0 = Debug|x64
		{5B8CE543-5EA2-45D3-ABA1-969593F8DCFB}.Debug|x86.ActiveCfg = Debug|x86
		{5B8CE543-5EA2-45D3-ABA1-969593F8DCFB}.Debug|x86.Build.0 = Debug|x86
		{5B8CE543-5EA2-45D3-ABA1-969593F8DCFB}.Debug|x86.Deploy.0 = Debug|x86
		{5B8CE543-5EA2-45D3-ABA1-969593F8DCFB}.Release|Any CPU.ActiveCfg = Release|Any CPU
		{5B8CE543-5EA2-45D3-ABA1-969593F8DCFB}.Release|Any CPU.Build.0 = Release|Any CPU
		{5B8CE543-5EA2-45D3-ABA1-969593F8DCFB}.Release|Any CPU.Deploy.0 = Release|Any CPU
		{5B8CE543-5EA2-45D3-ABA1-969593F8DCFB}.Release|ARM.ActiveCfg = Release|ARM
		{5B8CE543-5EA2-45D3-ABA1-969593F8DCFB}.Release|ARM.Build.0 = Release|ARM
		{5B8CE543-5EA2-45D3-ABA1-969593F8DCFB}.Release|ARM.Deploy.0 = Release|ARM
		{5B8CE543-5EA2-45D3-ABA1-969593F8DCFB}.Release|x64.ActiveCfg = Release|x64
		{5B8CE543-5EA2-45D3-ABA1-969593F8DCFB}.Release|x64.Build.0 = Release|x64
		{5B8CE543-5EA2-45D3-ABA1-969593F8DCFB}.Release|x64.Deploy.0 = Release|x64
		{5B8CE543-5EA2-45D3-ABA1-969593F8DCFB}.Release|x86.ActiveCfg = Release|x86
		{5B8CE543-5EA2-45D3-ABA1-969593F8DCFB}.Release|x86.Build.0 = Release|x86
		{5B8CE543-5EA2-45D3-ABA1-969593F8DCFB}.Release|x86.Deploy.0 = Release|x86
	EndGlobalSection
	GlobalSection(SolutionProperties) = preSolution
		HideSolutionNode = FALSE
	EndGlobalSection
EndGlobal
